// !$*UTF8*$!
{
	archiveVersion = 1;
	classes = {
	};
	objectVersion = 56;
	objects = {

/* Begin PBXBuildFile section */
		233FBC9D29A9A0CE008CB891 /* AppDelegate.swift in Sources */ = {isa = PBXBuildFile; fileRef = 233FBC9C29A9A0CE008CB891 /* AppDelegate.swift */; };
		233FBC9F29A9A0CE008CB891 /* SceneDelegate.swift in Sources */ = {isa = PBXBuildFile; fileRef = 233FBC9E29A9A0CE008CB891 /* SceneDelegate.swift */; };
		233FBCA429A9A0CE008CB891 /* Main.storyboard in Resources */ = {isa = PBXBuildFile; fileRef = 233FBCA229A9A0CE008CB891 /* Main.storyboard */; };
		233FBCA629A9A0CF008CB891 /* Assets.xcassets in Resources */ = {isa = PBXBuildFile; fileRef = 233FBCA529A9A0CF008CB891 /* Assets.xcassets */; };
		233FBCA929A9A0CF008CB891 /* LaunchScreen.storyboard in Resources */ = {isa = PBXBuildFile; fileRef = 233FBCA729A9A0CF008CB891 /* LaunchScreen.storyboard */; };
		233FBCB129A9A101008CB891 /* Task.swift in Sources */ = {isa = PBXBuildFile; fileRef = 233FBCB029A9A101008CB891 /* Task.swift */; };
		233FBCB429A9A2C9008CB891 /* Goal.swift in Sources */ = {isa = PBXBuildFile; fileRef = 233FBCB329A9A2C9008CB891 /* Goal.swift */; };
		233FBCB729A9A456008CB891 /* GoalController.swift in Sources */ = {isa = PBXBuildFile; fileRef = 233FBCB629A9A456008CB891 /* GoalController.swift */; };
		233FBCB929A9A489008CB891 /* TaskController.swift in Sources */ = {isa = PBXBuildFile; fileRef = 233FBCB829A9A489008CB891 /* TaskController.swift */; };
		233FBCBE29A9BF71008CB891 /* GoalListTableViewController.swift in Sources */ = {isa = PBXBuildFile; fileRef = 233FBCBD29A9BF71008CB891 /* GoalListTableViewController.swift */; };
		233FBCC029A9BF7E008CB891 /* TaskListTableViewController.swift in Sources */ = {isa = PBXBuildFile; fileRef = 233FBCBF29A9BF7E008CB891 /* TaskListTableViewController.swift */; };
		233FBCC329A9C074008CB891 /* GoalListTableViewCell.swift in Sources */ = {isa = PBXBuildFile; fileRef = 233FBCC229A9C074008CB891 /* GoalListTableViewCell.swift */; };
		233FBCC529A9C07F008CB891 /* TaskListTableViewCell.swift in Sources */ = {isa = PBXBuildFile; fileRef = 233FBCC429A9C07F008CB891 /* TaskListTableViewCell.swift */; };
/* End PBXBuildFile section */

/* Begin PBXFileReference section */
		233FBC9929A9A0CE008CB891 /* ToDoListRound2.app */ = {isa = PBXFileReference; explicitFileType = wrapper.application; includeInIndex = 0; path = ToDoListRound2.app; sourceTree = BUILT_PRODUCTS_DIR; };
		233FBC9C29A9A0CE008CB891 /* AppDelegate.swift */ = {isa = PBXFileReference; lastKnownFileType = sourcecode.swift; path = AppDelegate.swift; sourceTree = "<group>"; };
		233FBC9E29A9A0CE008CB891 /* SceneDelegate.swift */ = {isa = PBXFileReference; lastKnownFileType = sourcecode.swift; path = SceneDelegate.swift; sourceTree = "<group>"; };
		233FBCA329A9A0CE008CB891 /* Base */ = {isa = PBXFileReference; lastKnownFileType = file.storyboard; name = Base; path = Base.lproj/Main.storyboard; sourceTree = "<group>"; };
		233FBCA529A9A0CF008CB891 /* Assets.xcassets */ = {isa = PBXFileReference; lastKnownFileType = folder.assetcatalog; path = Assets.xcassets; sourceTree = "<group>"; };
		233FBCA829A9A0CF008CB891 /* Base */ = {isa = PBXFileReference; lastKnownFileType = file.storyboard; name = Base; path = Base.lproj/LaunchScreen.storyboard; sourceTree = "<group>"; };
		233FBCAA29A9A0CF008CB891 /* Info.plist */ = {isa = PBXFileReference; lastKnownFileType = text.plist.xml; path = Info.plist; sourceTree = "<group>"; };
		233FBCB029A9A101008CB891 /* Task.swift */ = {isa = PBXFileReference; lastKnownFileType = sourcecode.swift; path = Task.swift; sourceTree = "<group>"; };
		233FBCB329A9A2C9008CB891 /* Goal.swift */ = {isa = PBXFileReference; lastKnownFileType = sourcecode.swift; path = Goal.swift; sourceTree = "<group>"; };
		233FBCB629A9A456008CB891 /* GoalController.swift */ = {isa = PBXFileReference; lastKnownFileType = sourcecode.swift; path = GoalController.swift; sourceTree = "<group>"; };
		233FBCB829A9A489008CB891 /* TaskController.swift */ = {isa = PBXFileReference; lastKnownFileType = sourcecode.swift; path = TaskController.swift; sourceTree = "<group>"; };
		233FBCBD29A9BF71008CB891 /* GoalListTableViewController.swift */ = {isa = PBXFileReference; lastKnownFileType = sourcecode.swift; path = GoalListTableViewController.swift; sourceTree = "<group>"; };
		233FBCBF29A9BF7E008CB891 /* TaskListTableViewController.swift */ = {isa = PBXFileReference; lastKnownFileType = sourcecode.swift; path = TaskListTableViewController.swift; sourceTree = "<group>"; };
		233FBCC229A9C074008CB891 /* GoalListTableViewCell.swift */ = {isa = PBXFileReference; lastKnownFileType = sourcecode.swift; path = GoalListTableViewCell.swift; sourceTree = "<group>"; };
		233FBCC429A9C07F008CB891 /* TaskListTableViewCell.swift */ = {isa = PBXFileReference; lastKnownFileType = sourcecode.swift; path = TaskListTableViewCell.swift; sourceTree = "<group>"; };
/* End PBXFileReference section */

/* Begin PBXFrameworksBuildPhase section */
		233FBC9629A9A0CE008CB891 /* Frameworks */ = {
			isa = PBXFrameworksBuildPhase;
			buildActionMask = 2147483647;
			files = (
			);
			runOnlyForDeploymentPostprocessing = 0;
		};
/* End PBXFrameworksBuildPhase section */

/* Begin PBXGroup section */
		233FBC9029A9A0CE008CB891 = {
			isa = PBXGroup;
			children = (
				233FBC9B29A9A0CE008CB891 /* ToDoListRound2 */,
				233FBC9A29A9A0CE008CB891 /* Products */,
			);
			sourceTree = "<group>";
		};
		233FBC9A29A9A0CE008CB891 /* Products */ = {
			isa = PBXGroup;
			children = (
				233FBC9929A9A0CE008CB891 /* ToDoListRound2.app */,
			);
			name = Products;
			sourceTree = "<group>";
		};
		233FBC9B29A9A0CE008CB891 /* ToDoListRound2 */ = {
			isa = PBXGroup;
			children = (
				233FBCC129A9C04E008CB891 /* CustomViews */,
				233FBCBC29A9BF47008CB891 /* ViewControllers */,
				233FBCB529A9A442008CB891 /* ModelControllers */,
				233FBCB229A9A2A8008CB891 /* Model */,
				233FBCBB29A9A4DC008CB891 /* StoryBoards */,
				233FBCBA29A9A48D008CB891 /* SupportingFiles */,
			);
			path = ToDoListRound2;
			sourceTree = "<group>";
		};
		233FBCB229A9A2A8008CB891 /* Model */ = {
			isa = PBXGroup;
			children = (
				233FBCB029A9A101008CB891 /* Task.swift */,
				233FBCB329A9A2C9008CB891 /* Goal.swift */,
			);
			path = Model;
			sourceTree = "<group>";
		};
		233FBCB529A9A442008CB891 /* ModelControllers */ = {
			isa = PBXGroup;
			children = (
				233FBCB829A9A489008CB891 /* TaskController.swift */,
				233FBCB629A9A456008CB891 /* GoalController.swift */,
			);
			path = ModelControllers;
			sourceTree = "<group>";
		};
		233FBCBA29A9A48D008CB891 /* SupportingFiles */ = {
			isa = PBXGroup;
			children = (
				233FBC9C29A9A0CE008CB891 /* AppDelegate.swift */,
				233FBC9E29A9A0CE008CB891 /* SceneDelegate.swift */,
				233FBCA529A9A0CF008CB891 /* Assets.xcassets */,
				233FBCAA29A9A0CF008CB891 /* Info.plist */,
			);
			path = SupportingFiles;
			sourceTree = "<group>";
		};
		233FBCBB29A9A4DC008CB891 /* StoryBoards */ = {
			isa = PBXGroup;
			children = (
				233FBCA229A9A0CE008CB891 /* Main.storyboard */,
				233FBCA729A9A0CF008CB891 /* LaunchScreen.storyboard */,
			);
			path = StoryBoards;
			sourceTree = "<group>";
		};
		233FBCBC29A9BF47008CB891 /* ViewControllers */ = {
			isa = PBXGroup;
			children = (
				233FBCBF29A9BF7E008CB891 /* TaskListTableViewController.swift */,
				233FBCBD29A9BF71008CB891 /* GoalListTableViewController.swift */,
			);
			path = ViewControllers;
			sourceTree = "<group>";
		};
		233FBCC129A9C04E008CB891 /* CustomViews */ = {
			isa = PBXGroup;
			children = (
				233FBCC429A9C07F008CB891 /* TaskListTableViewCell.swift */,
				233FBCC229A9C074008CB891 /* GoalListTableViewCell.swift */,
			);
			path = CustomViews;
			sourceTree = "<group>";
		};
/* End PBXGroup section */

/* Begin PBXNativeTarget section */
		233FBC9829A9A0CE008CB891 /* ToDoListRound2 */ = {
			isa = PBXNativeTarget;
			buildConfigurationList = 233FBCAD29A9A0CF008CB891 /* Build configuration list for PBXNativeTarget "ToDoListRound2" */;
			buildPhases = (
				233FBC9529A9A0CE008CB891 /* Sources */,
				233FBC9629A9A0CE008CB891 /* Frameworks */,
				233FBC9729A9A0CE008CB891 /* Resources */,
			);
			buildRules = (
			);
			dependencies = (
			);
			name = ToDoListRound2;
			productName = ToDoListRound2;
			productReference = 233FBC9929A9A0CE008CB891 /* ToDoListRound2.app */;
			productType = "com.apple.product-type.application";
		};
/* End PBXNativeTarget section */

/* Begin PBXProject section */
		233FBC9129A9A0CE008CB891 /* Project object */ = {
			isa = PBXProject;
			attributes = {
				BuildIndependentTargetsInParallel = 1;
				LastSwiftUpdateCheck = 1420;
				LastUpgradeCheck = 1420;
				TargetAttributes = {
					233FBC9829A9A0CE008CB891 = {
						CreatedOnToolsVersion = 14.2;
					};
				};
			};
			buildConfigurationList = 233FBC9429A9A0CE008CB891 /* Build configuration list for PBXProject "ToDoListRound2" */;
			compatibilityVersion = "Xcode 14.0";
			developmentRegion = en;
			hasScannedForEncodings = 0;
			knownRegions = (
				en,
				Base,
			);
			mainGroup = 233FBC9029A9A0CE008CB891;
			productRefGroup = 233FBC9A29A9A0CE008CB891 /* Products */;
			projectDirPath = "";
			projectRoot = "";
			targets = (
				233FBC9829A9A0CE008CB891 /* ToDoListRound2 */,
			);
		};
/* End PBXProject section */

/* Begin PBXResourcesBuildPhase section */
		233FBC9729A9A0CE008CB891 /* Resources */ = {
			isa = PBXResourcesBuildPhase;
			buildActionMask = 2147483647;
			files = (
				233FBCA929A9A0CF008CB891 /* LaunchScreen.storyboard in Resources */,
				233FBCA629A9A0CF008CB891 /* Assets.xcassets in Resources */,
				233FBCA429A9A0CE008CB891 /* Main.storyboard in Resources */,
			);
			runOnlyForDeploymentPostprocessing = 0;
		};
/* End PBXResourcesBuildPhase section */

/* Begin PBXSourcesBuildPhase section */
		233FBC9529A9A0CE008CB891 /* Sources */ = {
			isa = PBXSourcesBuildPhase;
			buildActionMask = 2147483647;
			files = (
				233FBCC529A9C07F008CB891 /* TaskListTableViewCell.swift in Sources */,
				233FBCB929A9A489008CB891 /* TaskController.swift in Sources */,
				233FBCBE29A9BF71008CB891 /* GoalListTableViewController.swift in Sources */,
				233FBCB129A9A101008CB891 /* Task.swift in Sources */,
				233FBCB429A9A2C9008CB891 /* Goal.swift in Sources */,
				233FBCB729A9A456008CB891 /* GoalController.swift in Sources */,
				233FBC9D29A9A0CE008CB891 /* AppDelegate.swift in Sources */,
				233FBCC329A9C074008CB891 /* GoalListTableViewCell.swift in Sources */,
				233FBCC029A9BF7E008CB891 /* TaskListTableViewController.swift in Sources */,
				233FBC9F29A9A0CE008CB891 /* SceneDelegate.swift in Sources */,
			);
			runOnlyForDeploymentPostprocessing = 0;
		};
/* End PBXSourcesBuildPhase section */

/* Begin PBXVariantGroup section */
		233FBCA229A9A0CE008CB891 /* Main.storyboard */ = {
			isa = PBXVariantGroup;
			children = (
				233FBCA329A9A0CE008CB891 /* Base */,
			);
			name = Main.storyboard;
			sourceTree = "<group>";
		};
		233FBCA729A9A0CF008CB891 /* LaunchScreen.storyboard */ = {
			isa = PBXVariantGroup;
			children = (
				233FBCA829A9A0CF008CB891 /* Base */,
			);
			name = LaunchScreen.storyboard;
			sourceTree = "<group>";
		};
/* End PBXVariantGroup section */

/* Begin XCBuildConfiguration section */
		233FBCAB29A9A0CF008CB891 /* Debug */ = {
			isa = XCBuildConfiguration;
			buildSettings = {
				ALWAYS_SEARCH_USER_PATHS = NO;
				CLANG_ANALYZER_NONNULL = YES;
				CLANG_ANALYZER_NUMBER_OBJECT_CONVERSION = YES_AGGRESSIVE;
				CLANG_CXX_LANGUAGE_STANDARD = "gnu++20";
				CLANG_ENABLE_MODULES = YES;
				CLANG_ENABLE_OBJC_ARC = YES;
				CLANG_ENABLE_OBJC_WEAK = YES;
				CLANG_WARN_BLOCK_CAPTURE_AUTORELEASING = YES;
				CLANG_WARN_BOOL_CONVERSION = YES;
				CLANG_WARN_COMMA = YES;
				CLANG_WARN_CONSTANT_CONVERSION = YES;
				CLANG_WARN_DEPRECATED_OBJC_IMPLEMENTATIONS = YES;
				CLANG_WARN_DIRECT_OBJC_ISA_USAGE = YES_ERROR;
				CLANG_WARN_DOCUMENTATION_COMMENTS = YES;
				CLANG_WARN_EMPTY_BODY = YES;
				CLANG_WARN_ENUM_CONVERSION = YES;
				CLANG_WARN_INFINITE_RECURSION = YES;
				CLANG_WARN_INT_CONVERSION = YES;
				CLANG_WARN_NON_LITERAL_NULL_CONVERSION = YES;
				CLANG_WARN_OBJC_IMPLICIT_RETAIN_SELF = YES;
				CLANG_WARN_OBJC_LITERAL_CONVERSION = YES;
				CLANG_WARN_OBJC_ROOT_CLASS = YES_ERROR;
				CLANG_WARN_QUOTED_INCLUDE_IN_FRAMEWORK_HEADER = YES;
				CLANG_WARN_RANGE_LOOP_ANALYSIS = YES;
				CLANG_WARN_STRICT_PROTOTYPES = YES;
				CLANG_WARN_SUSPICIOUS_MOVE = YES;
				CLANG_WARN_UNGUARDED_AVAILABILITY = YES_AGGRESSIVE;
				CLANG_WARN_UNREACHABLE_CODE = YES;
				CLANG_WARN__DUPLICATE_METHOD_MATCH = YES;
				COPY_PHASE_STRIP = NO;
				DEBUG_INFORMATION_FORMAT = dwarf;
				ENABLE_STRICT_OBJC_MSGSEND = YES;
				ENABLE_TESTABILITY = YES;
				GCC_C_LANGUAGE_STANDARD = gnu11;
				GCC_DYNAMIC_NO_PIC = NO;
				GCC_NO_COMMON_BLOCKS = YES;
				GCC_OPTIMIZATION_LEVEL = 0;
				GCC_PREPROCESSOR_DEFINITIONS = (
					"DEBUG=1",
					"$(inherited)",
				);
				GCC_WARN_64_TO_32_BIT_CONVERSION = YES;
				GCC_WARN_ABOUT_RETURN_TYPE = YES_ERROR;
				GCC_WARN_UNDECLARED_SELECTOR = YES;
				GCC_WARN_UNINITIALIZED_AUTOS = YES_AGGRESSIVE;
				GCC_WARN_UNUSED_FUNCTION = YES;
				GCC_WARN_UNUSED_VARIABLE = YES;
				IPHONEOS_DEPLOYMENT_TARGET = 16.2;
				MTL_ENABLE_DEBUG_INFO = INCLUDE_SOURCE;
				MTL_FAST_MATH = YES;
				ONLY_ACTIVE_ARCH = YES;
				SDKROOT = iphoneos;
				SWIFT_ACTIVE_COMPILATION_CONDITIONS = DEBUG;
				SWIFT_OPTIMIZATION_LEVEL = "-Onone";
			};
			name = Debug;
		};
		233FBCAC29A9A0CF008CB891 /* Release */ = {
			isa = XCBuildConfiguration;
			buildSettings = {
				ALWAYS_SEARCH_USER_PATHS = NO;
				CLANG_ANALYZER_NONNULL = YES;
				CLANG_ANALYZER_NUMBER_OBJECT_CONVERSION = YES_AGGRESSIVE;
				CLANG_CXX_LANGUAGE_STANDARD = "gnu++20";
				CLANG_ENABLE_MODULES = YES;
				CLANG_ENABLE_OBJC_ARC = YES;
				CLANG_ENABLE_OBJC_WEAK = YES;
				CLANG_WARN_BLOCK_CAPTURE_AUTORELEASING = YES;
				CLANG_WARN_BOOL_CONVERSION = YES;
				CLANG_WARN_COMMA = YES;
				CLANG_WARN_CONSTANT_CONVERSION = YES;
				CLANG_WARN_DEPRECATED_OBJC_IMPLEMENTATIONS = YES;
				CLANG_WARN_DIRECT_OBJC_ISA_USAGE = YES_ERROR;
				CLANG_WARN_DOCUMENTATION_COMMENTS = YES;
				CLANG_WARN_EMPTY_BODY = YES;
				CLANG_WARN_ENUM_CONVERSION = YES;
				CLANG_WARN_INFINITE_RECURSION = YES;
				CLANG_WARN_INT_CONVERSION = YES;
				CLANG_WARN_NON_LITERAL_NULL_CONVERSION = YES;
				CLANG_WARN_OBJC_IMPLICIT_RETAIN_SELF = YES;
				CLANG_WARN_OBJC_LITERAL_CONVERSION = YES;
				CLANG_WARN_OBJC_ROOT_CLASS = YES_ERROR;
				CLANG_WARN_QUOTED_INCLUDE_IN_FRAMEWORK_HEADER = YES;
				CLANG_WARN_RANGE_LOOP_ANALYSIS = YES;
				CLANG_WARN_STRICT_PROTOTYPES = YES;
				CLANG_WARN_SUSPICIOUS_MOVE = YES;
				CLANG_WARN_UNGUARDED_AVAILABILITY = YES_AGGRESSIVE;
				CLANG_WARN_UNREACHABLE_CODE = YES;
				CLANG_WARN__DUPLICATE_METHOD_MATCH = YES;
				COPY_PHASE_STRIP = NO;
				DEBUG_INFORMATION_FORMAT = "dwarf-with-dsym";
				ENABLE_NS_ASSERTIONS = NO;
				ENABLE_STRICT_OBJC_MSGSEND = YES;
				GCC_C_LANGUAGE_STANDARD = gnu11;
				GCC_NO_COMMON_BLOCKS = YES;
				GCC_WARN_64_TO_32_BIT_CONVERSION = YES;
				GCC_WARN_ABOUT_RETURN_TYPE = YES_ERROR;
				GCC_WARN_UNDECLARED_SELECTOR = YES;
				GCC_WARN_UNINITIALIZED_AUTOS = YES_AGGRESSIVE;
				GCC_WARN_UNUSED_FUNCTION = YES;
				GCC_WARN_UNUSED_VARIABLE = YES;
				IPHONEOS_DEPLOYMENT_TARGET = 16.2;
				MTL_ENABLE_DEBUG_INFO = NO;
				MTL_FAST_MATH = YES;
				SDKROOT = iphoneos;
				SWIFT_COMPILATION_MODE = wholemodule;
				SWIFT_OPTIMIZATION_LEVEL = "-O";
				VALIDATE_PRODUCT = YES;
			};
			name = Release;
		};
		233FBCAE29A9A0CF008CB891 /* Debug */ = {
			isa = XCBuildConfiguration;
			buildSettings = {
				ASSETCATALOG_COMPILER_APPICON_NAME = AppIcon;
				ASSETCATALOG_COMPILER_GLOBAL_ACCENT_COLOR_NAME = AccentColor;
				CODE_SIGN_STYLE = Automatic;
				CURRENT_PROJECT_VERSION = 1;
				GENERATE_INFOPLIST_FILE = YES;
				INFOPLIST_FILE = ToDoListRound2/SupportingFiles/Info.plist;
				INFOPLIST_KEY_UIApplicationSupportsIndirectInputEvents = YES;
				INFOPLIST_KEY_UILaunchStoryboardName = LaunchScreen;
				INFOPLIST_KEY_UIMainStoryboardFile = Main;
				INFOPLIST_KEY_UISupportedInterfaceOrientations_iPad = "UIInterfaceOrientationPortrait UIInterfaceOrientationPortraitUpsideDown UIInterfaceOrientationLandscapeLeft UIInterfaceOrientationLandscapeRight";
				INFOPLIST_KEY_UISupportedInterfaceOrientations_iPhone = "UIInterfaceOrientationPortrait UIInterfaceOrientationLandscapeLeft UIInterfaceOrientationLandscapeRight";
				LD_RUNPATH_SEARCH_PATHS = (
					"$(inherited)",
					"@executable_path/Frameworks",
				);
				MARKETING_VERSION = 1.0;
				PRODUCT_BUNDLE_IDENTIFIER = dotGlo.ToDoListRound2;
				PRODUCT_NAME = "$(TARGET_NAME)";
				SWIFT_EMIT_LOC_STRINGS = YES;
				SWIFT_VERSION = 5.0;
				TARGETED_DEVICE_FAMILY = "1,2";
			};
			name = Debug;
		};
		233FBCAF29A9A0CF008CB891 /* Release */ = {
			isa = XCBuildConfiguration;
			buildSettings = {
				ASSETCATALOG_COMPILER_APPICON_NAME = AppIcon;
				ASSETCATALOG_COMPILER_GLOBAL_ACCENT_COLOR_NAME = AccentColor;
				CODE_SIGN_STYLE = Automatic;
				CURRENT_PROJECT_VERSION = 1;
				GENERATE_INFOPLIST_FILE = YES;
				INFOPLIST_FILE = ToDoListRound2/SupportingFiles/Info.plist;
				INFOPLIST_KEY_UIApplicationSupportsIndirectInputEvents = YES;
				INFOPLIST_KEY_UILaunchStoryboardName = LaunchScreen;
				INFOPLIST_KEY_UIMainStoryboardFile = Main;
				INFOPLIST_KEY_UISupportedInterfaceOrientations_iPad = "UIInterfaceOrientationPortrait UIInterfaceOrientationPortraitUpsideDown UIInterfaceOrientationLandscapeLeft UIInterfaceOrientationLandscapeRight";
				INFOPLIST_KEY_UISupportedInterfaceOrientations_iPhone = "UIInterfaceOrientationPortrait UIInterfaceOrientationLandscapeLeft UIInterfaceOrientationLandscapeRight";
				LD_RUNPATH_SEARCH_PATHS = (
					"$(inherited)",
					"@executable_path/Frameworks",
				);
				MARKETING_VERSION = 1.0;
				PRODUCT_BUNDLE_IDENTIFIER = dotGlo.ToDoListRound2;
				PRODUCT_NAME = "$(TARGET_NAME)";
				SWIFT_EMIT_LOC_STRINGS = YES;
				SWIFT_VERSION = 5.0;
				TARGETED_DEVICE_FAMILY = "1,2";
			};
			name = Release;
		};
/* End XCBuildConfiguration section */

/* Begin XCConfigurationList section */
		233FBC9429A9A0CE008CB891 /* Build configuration list for PBXProject "ToDoListRound2" */ = {
			isa = XCConfigurationList;
			buildConfigurations = (
				233FBCAB29A9A0CF008CB891 /* Debug */,
				233FBCAC29A9A0CF008CB891 /* Release */,
			);
			defaultConfigurationIsVisible = 0;
			defaultConfigurationName = Release;
		};
		233FBCAD29A9A0CF008CB891 /* Build configuration list for PBXNativeTarget "ToDoListRound2" */ = {
			isa = XCConfigurationList;
			buildConfigurations = (
				233FBCAE29A9A0CF008CB891 /* Debug */,
				233FBCAF29A9A0CF008CB891 /* Release */,
			);
			defaultConfigurationIsVisible = 0;
			defaultConfigurationName = Release;
		};
/* End XCConfigurationList section */
	};
	rootObject = 233FBC9129A9A0CE008CB891 /* Project object */;
}
